<?xml version="1.0" encoding="utf-8"?>
<Project ToolsVersion="4.0" xmlns="http://schemas.microsoft.com/developer/msbuild/2003">
  <ItemGroup>
    <ClCompile Include="$(MSBuildThisFileDirectory)DXEngineEntity.cpp">
      <Filter>Common</Filter>
    </ClCompile>
    <ClCompile Include="$(MSBuildThisFileDirectory)DXEngineComponent.cpp">
      <Filter>Component</Filter>
    </ClCompile>
    <ClCompile Include="$(MSBuildThisFileDirectory)DXEngineGameObject.cpp">
      <Filter>GameObject</Filter>
    </ClCompile>
    <ClCompile Include="$(MSBuildThisFileDirectory)DXEngineScene.cpp">
      <Filter>Scene</Filter>
    </ClCompile>
    <ClCompile Include="$(MSBuildThisFileDirectory)DXEngineSceneManager.cpp">
      <Filter>Scene</Filter>
    </ClCompile>
    <ClCompile Include="$(MSBuildThisFileDirectory)DXEngineInput.cpp">
      <Filter>Input</Filter>
    </ClCompile>
    <ClCompile Include="$(MSBuildThisFileDirectory)DXEngineTime.cpp">
      <Filter>Time</Filter>
    </ClCompile>
    <ClCompile Include="$(MSBuildThisFileDirectory)DXEngineLayer.cpp">
      <Filter>Layer</Filter>
    </ClCompile>
    <ClCompile Include="$(MSBuildThisFileDirectory)DXEngineResource.cpp">
      <Filter>Resource</Filter>
    </ClCompile>
    <ClCompile Include="$(MSBuildThisFileDirectory)DXEngineResources.cpp">
      <Filter>Resource</Filter>
    </ClCompile>
    <ClCompile Include="$(MSBuildThisFileDirectory)DXEngineTexture.cpp">
      <Filter>Resource\Texture</Filter>
    </ClCompile>
    <ClCompile Include="$(MSBuildThisFileDirectory)DXEngineTransform.cpp">
      <Filter>Component\Child\Transform</Filter>
    </ClCompile>
    <ClCompile Include="$(MSBuildThisFileDirectory)DXEngineSpriteRenderer.cpp">
      <Filter>Component\Child\SpriteRenderer</Filter>
    </ClCompile>
    <ClCompile Include="$(MSBuildThisFileDirectory)DXEngineScript.cpp">
      <Filter>Component\Child\Script</Filter>
    </ClCompile>
    <ClCompile Include="$(MSBuildThisFileDirectory)DXEngineCamera.cpp">
      <Filter>Common\Camera</Filter>
    </ClCompile>
    <ClCompile Include="$(MSBuildThisFileDirectory)DXEngineRenderer.cpp">
      <Filter>Renderer</Filter>
    </ClCompile>
    <ClCompile Include="$(MSBuildThisFileDirectory)DXEngineAnimator.cpp">
      <Filter>Component\Child\Animator</Filter>
    </ClCompile>
    <ClCompile Include="$(MSBuildThisFileDirectory)DXEngineMath.cpp">
      <Filter>Common</Filter>
    </ClCompile>
    <ClCompile Include="$(MSBuildThisFileDirectory)DXEngineApplication.cpp">
      <Filter>Application</Filter>
    </ClCompile>
    <ClCompile Include="$(MSBuildThisFileDirectory)DXEngineAnimation.cpp">
      <Filter>Resource</Filter>
    </ClCompile>
    <ClCompile Include="$(MSBuildThisFileDirectory)DXEngineCollider.cpp">
      <Filter>Component\Child\Collider</Filter>
    </ClCompile>
    <ClCompile Include="$(MSBuildThisFileDirectory)DXEngineBoxCollider2D.cpp">
      <Filter>Component\Child\Collider\BoxCollider2D</Filter>
    </ClCompile>
    <ClCompile Include="$(MSBuildThisFileDirectory)DXEngineCircleCollider2D.cpp">
      <Filter>Component\Child\Collider\CircleCollider</Filter>
    </ClCompile>
    <ClCompile Include="$(MSBuildThisFileDirectory)DXEngineCollisionManager.cpp" />
  </ItemGroup>
  <ItemGroup>
    <ClInclude Include="$(MSBuildThisFileDirectory)CommonInclude.h">
      <Filter>Common</Filter>
    </ClInclude>
    <ClInclude Include="$(MSBuildThisFileDirectory)DXEngineEntity.h">
      <Filter>Common</Filter>
    </ClInclude>
    <ClInclude Include="$(MSBuildThisFileDirectory)DXEngineComponent.h">
      <Filter>Component</Filter>
    </ClInclude>
    <ClInclude Include="$(MSBuildThisFileDirectory)DXEngineGameObject.h">
      <Filter>GameObject</Filter>
    </ClInclude>
    <ClInclude Include="$(MSBuildThisFileDirectory)DXEngineScene.h">
      <Filter>Scene</Filter>
    </ClInclude>
    <ClInclude Include="$(MSBuildThisFileDirectory)DXEngineSceneManager.h">
      <Filter>Scene</Filter>
    </ClInclude>
    <ClInclude Include="$(MSBuildThisFileDirectory)DXEngineInput.h">
      <Filter>Input</Filter>
    </ClInclude>
    <ClInclude Include="$(MSBuildThisFileDirectory)DXEngineTime.h">
      <Filter>Time</Filter>
    </ClInclude>
    <ClInclude Include="$(MSBuildThisFileDirectory)DXEngineLayer.h">
      <Filter>Layer</Filter>
    </ClInclude>
    <ClInclude Include="$(MSBuildThisFileDirectory)DXEngineEnum.h">
      <Filter>Common</Filter>
    </ClInclude>
    <ClInclude Include="$(MSBuildThisFileDirectory)DXEngineObject.h">
      <Filter>Common</Filter>
    </ClInclude>
    <ClInclude Include="$(MSBuildThisFileDirectory)DXEngineResource.h">
      <Filter>Resource</Filter>
    </ClInclude>
    <ClInclude Include="$(MSBuildThisFileDirectory)DXEngineResources.h">
      <Filter>Resource</Filter>
    </ClInclude>
    <ClInclude Include="$(MSBuildThisFileDirectory)DXEngineTexture.h">
      <Filter>Resource\Texture</Filter>
    </ClInclude>
    <ClInclude Include="$(MSBuildThisFileDirectory)DXEngineTransform.h">
      <Filter>Component\Child\Transform</Filter>
    </ClInclude>
    <ClInclude Include="$(MSBuildThisFileDirectory)DXEngineSpriteRenderer.h">
      <Filter>Component\Child\SpriteRenderer</Filter>
    </ClInclude>
    <ClInclude Include="$(MSBuildThisFileDirectory)DXEngineScript.h">
      <Filter>Component\Child\Script</Filter>
    </ClInclude>
    <ClInclude Include="$(MSBuildThisFileDirectory)DXEngineCamera.h">
      <Filter>Common\Camera</Filter>
    </ClInclude>
    <ClInclude Include="$(MSBuildThisFileDirectory)DXEngineRenderer.h">
      <Filter>Renderer</Filter>
    </ClInclude>
    <ClInclude Include="$(MSBuildThisFileDirectory)DXEngineAnimator.h">
      <Filter>Component\Child\Animator</Filter>
    </ClInclude>
    <ClInclude Include="$(MSBuildThisFileDirectory)DXEngineMath.h">
      <Filter>Common</Filter>
    </ClInclude>
    <ClInclude Include="$(MSBuildThisFileDirectory)DXEngineApplication.h">
      <Filter>Application</Filter>
    </ClInclude>
    <ClInclude Include="$(MSBuildThisFileDirectory)DXEngineAnimation.h">
      <Filter>Resource</Filter>
    </ClInclude>
    <ClInclude Include="$(MSBuildThisFileDirectory)DXEngineCollider.h">
      <Filter>Component\Child\Collider</Filter>
    </ClInclude>
    <ClInclude Include="$(MSBuildThisFileDirectory)DXEngineBoxCollider2D.h">
      <Filter>Component\Child\Collider\BoxCollider2D</Filter>
    </ClInclude>
    <ClInclude Include="$(MSBuildThisFileDirectory)DXEngineCircleCollider2D.h">
      <Filter>Component\Child\Collider\CircleCollider</Filter>
    </ClInclude>
    <ClInclude Include="$(MSBuildThisFileDirectory)DXEngineCollisionManager.h" />
  </ItemGroup>
  <ItemGroup>
    <Filter Include="Common">
      <UniqueIdentifier>{761a2e86-85b1-4090-87ab-09eb4597acf9}</UniqueIdentifier>
    </Filter>
    <Filter Include="Component">
      <UniqueIdentifier>{ae726cf6-0b80-459e-9407-7935c2f2b922}</UniqueIdentifier>
    </Filter>
    <Filter Include="GameObject">
      <UniqueIdentifier>{23bfb30d-2ea2-40aa-a5b5-1651ea3e7ab4}</UniqueIdentifier>
    </Filter>
    <Filter Include="Scene">
      <UniqueIdentifier>{164938fa-82eb-49a1-b158-1472e308356a}</UniqueIdentifier>
    </Filter>
    <Filter Include="Input">
      <UniqueIdentifier>{62611bf6-b0c6-4065-89bb-2278f4cac07f}</UniqueIdentifier>
    </Filter>
    <Filter Include="Component\Child">
      <UniqueIdentifier>{0cb26b8e-26d5-4735-9c8a-80194e5b1bf6}</UniqueIdentifier>
    </Filter>
    <Filter Include="Time">
      <UniqueIdentifier>{8953f03d-de47-472e-95b2-38daa49d94e2}</UniqueIdentifier>
    </Filter>
    <Filter Include="Layer">
      <UniqueIdentifier>{39eee8d8-6836-40b8-9fab-9f3da82e2ef9}</UniqueIdentifier>
    </Filter>
    <Filter Include="Resource">
      <UniqueIdentifier>{26ae20df-bfe2-4676-97be-c79378d77ac5}</UniqueIdentifier>
    </Filter>
    <Filter Include="Resource\Texture">
      <UniqueIdentifier>{57c7faa5-7599-4ce4-83f9-0ab3d8552ac7}</UniqueIdentifier>
    </Filter>
    <Filter Include="Component\Child\Transform">
      <UniqueIdentifier>{a8a172fa-9110-477a-a648-26a2a6249c82}</UniqueIdentifier>
    </Filter>
    <Filter Include="Component\Child\SpriteRenderer">
      <UniqueIdentifier>{41a7ec45-ab53-4ca4-8581-f45afb802728}</UniqueIdentifier>
    </Filter>
    <Filter Include="Component\Child\Script">
      <UniqueIdentifier>{8ffc7c88-0aee-477e-a6c3-5d3557c5a3b8}</UniqueIdentifier>
    </Filter>
    <Filter Include="Renderer">
      <UniqueIdentifier>{4f6bb6cc-1d0f-4ccc-84cb-66b72470d83b}</UniqueIdentifier>
    </Filter>
    <Filter Include="Component\Child\Animator">
      <UniqueIdentifier>{80bba98b-8263-42e8-bde2-c054297719be}</UniqueIdentifier>
    </Filter>
    <Filter Include="Application">
      <UniqueIdentifier>{b3638536-48bd-4bbc-b202-ed60ff574c9d}</UniqueIdentifier>
    </Filter>
    <Filter Include="Common\Camera">
      <UniqueIdentifier>{f772f464-29a0-4d84-adf2-432a7a55a1aa}</UniqueIdentifier>
    </Filter>
    <Filter Include="Component\Child\Collider">
      <UniqueIdentifier>{5d397b1a-61a4-4c81-a5ed-b54df40f25b2}</UniqueIdentifier>
    </Filter>
    <Filter Include="Component\Child\Collider\BoxCollider2D">
      <UniqueIdentifier>{cd24e8b0-9ab4-49d7-9980-68113f5d2f54}</UniqueIdentifier>
    </Filter>
    <Filter Include="Component\Child\Collider\CircleCollider">
      <UniqueIdentifier>{22fd60c2-4e52-4cda-b6cf-f8e7e08f3ec1}</UniqueIdentifier>
    </Filter>
  </ItemGroup>
</Project>