<?xml version="1.0" encoding="utf-8"?>
<Project ToolsVersion="4.0" xmlns="http://schemas.microsoft.com/developer/msbuild/2003">
  <ItemGroup>
    <ClCompile Include="$(MSBuildThisFileDirectory)DXEngineApplication.cpp" />
    <ClCompile Include="$(MSBuildThisFileDirectory)DXEngineEntity.cpp">
      <Filter>Common</Filter>
    </ClCompile>
    <ClCompile Include="$(MSBuildThisFileDirectory)DXEngineComponent.cpp">
      <Filter>Component</Filter>
    </ClCompile>
    <ClCompile Include="$(MSBuildThisFileDirectory)DXEngineGameObject.cpp">
      <Filter>GameObject</Filter>
    </ClCompile>
    <ClCompile Include="$(MSBuildThisFileDirectory)DXEngineScene.cpp">
      <Filter>Scene</Filter>
    </ClCompile>
    <ClCompile Include="$(MSBuildThisFileDirectory)DXEngineSceneManager.cpp">
      <Filter>Scene</Filter>
    </ClCompile>
    <ClCompile Include="$(MSBuildThisFileDirectory)DXEngineMath.cpp" />
    <ClCompile Include="$(MSBuildThisFileDirectory)DXEngineResource.cpp" />
    <ClCompile Include="$(MSBuildThisFileDirectory)DXEngineResources.cpp" />
    <ClCompile Include="$(MSBuildThisFileDirectory)DXEngineInput.cpp">
      <Filter>Input</Filter>
    </ClCompile>
    <ClCompile Include="$(MSBuildThisFileDirectory)DXEngineSpriteRenderer.cpp">
      <Filter>Component\Child</Filter>
    </ClCompile>
    <ClCompile Include="$(MSBuildThisFileDirectory)DXEngineTransform.cpp">
      <Filter>Component\Child</Filter>
    </ClCompile>
    <ClCompile Include="$(MSBuildThisFileDirectory)DXEngineTime.cpp">
      <Filter>Time</Filter>
    </ClCompile>
    <ClCompile Include="$(MSBuildThisFileDirectory)DXEngineLayer.cpp">
      <Filter>Layer</Filter>
    </ClCompile>
  </ItemGroup>
  <ItemGroup>
    <ClInclude Include="$(MSBuildThisFileDirectory)DXEngineApplication.h" />
    <ClInclude Include="$(MSBuildThisFileDirectory)CommonInclude.h">
      <Filter>Common</Filter>
    </ClInclude>
    <ClInclude Include="$(MSBuildThisFileDirectory)DXEngineEntity.h">
      <Filter>Common</Filter>
    </ClInclude>
    <ClInclude Include="$(MSBuildThisFileDirectory)DXEngineComponent.h">
      <Filter>Component</Filter>
    </ClInclude>
    <ClInclude Include="$(MSBuildThisFileDirectory)DXEngineGameObject.h">
      <Filter>GameObject</Filter>
    </ClInclude>
    <ClInclude Include="$(MSBuildThisFileDirectory)DXEngineScene.h">
      <Filter>Scene</Filter>
    </ClInclude>
    <ClInclude Include="$(MSBuildThisFileDirectory)DXEngineSceneManager.h">
      <Filter>Scene</Filter>
    </ClInclude>
    <ClInclude Include="$(MSBuildThisFileDirectory)DXEngineMath.h" />
    <ClInclude Include="$(MSBuildThisFileDirectory)DXEngineResource.h" />
    <ClInclude Include="$(MSBuildThisFileDirectory)DXEngineResources.h" />
    <ClInclude Include="$(MSBuildThisFileDirectory)DXEngineSpriteRenderer.h">
      <Filter>Component\Child</Filter>
    </ClInclude>
    <ClInclude Include="$(MSBuildThisFileDirectory)DXEngineTransform.h">
      <Filter>Component\Child</Filter>
    </ClInclude>
    <ClInclude Include="$(MSBuildThisFileDirectory)DXEngineInput.h">
      <Filter>Input</Filter>
    </ClInclude>
    <ClInclude Include="$(MSBuildThisFileDirectory)DXEngineTime.h">
      <Filter>Time</Filter>
    </ClInclude>
    <ClInclude Include="$(MSBuildThisFileDirectory)DXEngineLayer.h">
      <Filter>Layer</Filter>
    </ClInclude>
    <ClInclude Include="$(MSBuildThisFileDirectory)DXEngineEnum.h">
      <Filter>Common</Filter>
    </ClInclude>
  </ItemGroup>
  <ItemGroup>
    <Filter Include="Common">
      <UniqueIdentifier>{761a2e86-85b1-4090-87ab-09eb4597acf9}</UniqueIdentifier>
    </Filter>
    <Filter Include="Component">
      <UniqueIdentifier>{ae726cf6-0b80-459e-9407-7935c2f2b922}</UniqueIdentifier>
    </Filter>
    <Filter Include="GameObject">
      <UniqueIdentifier>{23bfb30d-2ea2-40aa-a5b5-1651ea3e7ab4}</UniqueIdentifier>
    </Filter>
    <Filter Include="Scene">
      <UniqueIdentifier>{164938fa-82eb-49a1-b158-1472e308356a}</UniqueIdentifier>
    </Filter>
    <Filter Include="Input">
      <UniqueIdentifier>{62611bf6-b0c6-4065-89bb-2278f4cac07f}</UniqueIdentifier>
    </Filter>
    <Filter Include="Component\Child">
      <UniqueIdentifier>{0cb26b8e-26d5-4735-9c8a-80194e5b1bf6}</UniqueIdentifier>
    </Filter>
    <Filter Include="Time">
      <UniqueIdentifier>{8953f03d-de47-472e-95b2-38daa49d94e2}</UniqueIdentifier>
    </Filter>
    <Filter Include="Layer">
      <UniqueIdentifier>{39eee8d8-6836-40b8-9fab-9f3da82e2ef9}</UniqueIdentifier>
    </Filter>
  </ItemGroup>
</Project>