<?xml version="1.0" encoding="utf-8"?>
<Project ToolsVersion="4.0" xmlns="http://schemas.microsoft.com/developer/msbuild/2003">
  <ItemGroup>
    <Filter Include="Imgui">
      <UniqueIdentifier>{337ef653-b8ff-42f1-87f2-818708b8edcd}</UniqueIdentifier>
    </Filter>
    <Filter Include="Imgui\impl">
      <UniqueIdentifier>{2a1fa3e2-2390-4c2f-8b89-6567f4731ea4}</UniqueIdentifier>
    </Filter>
    <Filter Include="ImGuizmo">
      <UniqueIdentifier>{0738c471-5a02-4994-a844-01e06a12ac56}</UniqueIdentifier>
    </Filter>
    <Filter Include="GUI">
      <UniqueIdentifier>{0ff2bee0-c0d3-4384-8508-d5be0083dcbd}</UniqueIdentifier>
    </Filter>
    <Filter Include="GUI\Component">
      <UniqueIdentifier>{a8874430-1e87-4f81-b42a-736d6f742c72}</UniqueIdentifier>
    </Filter>
    <Filter Include="Application">
      <UniqueIdentifier>{9c35c0b1-50de-491b-b49a-9470ccdb8cb2}</UniqueIdentifier>
    </Filter>
    <Filter Include="GUI\Component\Transform">
      <UniqueIdentifier>{4384df34-fa05-4d94-936c-bff1b0cd2043}</UniqueIdentifier>
    </Filter>
    <Filter Include="GUI\Editor">
      <UniqueIdentifier>{52f448fd-60db-43f5-852d-b6a702d60f3a}</UniqueIdentifier>
    </Filter>
    <Filter Include="GUI\EditorWindow">
      <UniqueIdentifier>{bc4ed3bf-ed6b-4aa7-8671-3d7111455d1b}</UniqueIdentifier>
    </Filter>
    <Filter Include="GUI\Entity">
      <UniqueIdentifier>{b169c580-20b4-4d27-aa1f-35afebbc2a92}</UniqueIdentifier>
    </Filter>
    <Filter Include="GUI\GUILayout">
      <UniqueIdentifier>{88f37cc1-bb51-41e7-b8aa-a6ca4ae1453e}</UniqueIdentifier>
    </Filter>
    <Filter Include="GUI\View">
      <UniqueIdentifier>{498dd1b7-c6bc-4a20-b49e-48c60581d4a1}</UniqueIdentifier>
    </Filter>
    <Filter Include="GUI\EditorWindow\ImGuiEditor">
      <UniqueIdentifier>{8b6db504-6146-42bb-bd5e-e023acc14e65}</UniqueIdentifier>
    </Filter>
  </ItemGroup>
  <ItemGroup>
    <ClInclude Include="$(MSBuildThisFileDirectory)imconfig.h">
      <Filter>Imgui</Filter>
    </ClInclude>
    <ClInclude Include="$(MSBuildThisFileDirectory)imgui.h">
      <Filter>Imgui</Filter>
    </ClInclude>
    <ClInclude Include="$(MSBuildThisFileDirectory)imgui_internal.h">
      <Filter>Imgui</Filter>
    </ClInclude>
    <ClInclude Include="$(MSBuildThisFileDirectory)imstb_rectpack.h">
      <Filter>Imgui</Filter>
    </ClInclude>
    <ClInclude Include="$(MSBuildThisFileDirectory)imstb_textedit.h">
      <Filter>Imgui</Filter>
    </ClInclude>
    <ClInclude Include="$(MSBuildThisFileDirectory)imstb_truetype.h">
      <Filter>Imgui</Filter>
    </ClInclude>
    <ClInclude Include="$(MSBuildThisFileDirectory)imgui_impl_win32.h">
      <Filter>Imgui\impl</Filter>
    </ClInclude>
    <ClInclude Include="$(MSBuildThisFileDirectory)imgui_impl_dx11.h">
      <Filter>Imgui\impl</Filter>
    </ClInclude>
    <ClInclude Include="$(MSBuildThisFileDirectory)ImCurveEdit.h">
      <Filter>ImGuizmo</Filter>
    </ClInclude>
    <ClInclude Include="$(MSBuildThisFileDirectory)ImGradient.h">
      <Filter>ImGuizmo</Filter>
    </ClInclude>
    <ClInclude Include="$(MSBuildThisFileDirectory)ImGuizmo.h">
      <Filter>ImGuizmo</Filter>
    </ClInclude>
    <ClInclude Include="$(MSBuildThisFileDirectory)ImSequencer.h">
      <Filter>ImGuizmo</Filter>
    </ClInclude>
    <ClInclude Include="$(MSBuildThisFileDirectory)ImZoomSlider.h">
      <Filter>ImGuizmo</Filter>
    </ClInclude>
    <ClInclude Include="$(MSBuildThisFileDirectory)GraphEditor.h">
      <Filter>ImGuizmo</Filter>
    </ClInclude>
    <ClInclude Include="$(MSBuildThisFileDirectory)ImApp.h">
      <Filter>ImGuizmo</Filter>
    </ClInclude>
    <ClInclude Include="$(MSBuildThisFileDirectory)stb_image.h">
      <Filter>ImGuizmo</Filter>
    </ClInclude>
    <ClInclude Include="$(MSBuildThisFileDirectory)GuiComponent.h">
      <Filter>GUI\Component</Filter>
    </ClInclude>
    <ClInclude Include="$(MSBuildThisFileDirectory)GuiEditor.h">
      <Filter>GUI\Editor</Filter>
    </ClInclude>
    <ClInclude Include="$(MSBuildThisFileDirectory)GuiEditorApplication.h">
      <Filter>Application</Filter>
    </ClInclude>
    <ClInclude Include="$(MSBuildThisFileDirectory)GuiEditorWindow.h">
      <Filter>GUI\EditorWindow</Filter>
    </ClInclude>
    <ClInclude Include="$(MSBuildThisFileDirectory)GuiEntity.h">
      <Filter>GUI\Entity</Filter>
    </ClInclude>
    <ClInclude Include="$(MSBuildThisFileDirectory)GuiGUILayout.h">
      <Filter>GUI\GUILayout</Filter>
    </ClInclude>
    <ClInclude Include="$(MSBuildThisFileDirectory)GuiTransform.h">
      <Filter>GUI\Component\Transform</Filter>
    </ClInclude>
    <ClInclude Include="$(MSBuildThisFileDirectory)GuiInspectorWindow.h">
      <Filter>GUI\View</Filter>
    </ClInclude>
    <ClInclude Include="$(MSBuildThisFileDirectory)GuiImguiEditor.h">
      <Filter>GUI\EditorWindow\ImGuiEditor</Filter>
    </ClInclude>
  </ItemGroup>
  <ItemGroup>
    <ClCompile Include="$(MSBuildThisFileDirectory)imgui.cpp">
      <Filter>Imgui</Filter>
    </ClCompile>
    <ClCompile Include="$(MSBuildThisFileDirectory)imgui_demo.cpp">
      <Filter>Imgui</Filter>
    </ClCompile>
    <ClCompile Include="$(MSBuildThisFileDirectory)imgui_draw.cpp">
      <Filter>Imgui</Filter>
    </ClCompile>
    <ClCompile Include="$(MSBuildThisFileDirectory)imgui_tables.cpp">
      <Filter>Imgui</Filter>
    </ClCompile>
    <ClCompile Include="$(MSBuildThisFileDirectory)imgui_widgets.cpp">
      <Filter>Imgui</Filter>
    </ClCompile>
    <ClCompile Include="$(MSBuildThisFileDirectory)imgui_impl_dx11.cpp">
      <Filter>Imgui\impl</Filter>
    </ClCompile>
    <ClCompile Include="$(MSBuildThisFileDirectory)imgui_impl_win32.cpp">
      <Filter>Imgui\impl</Filter>
    </ClCompile>
    <ClCompile Include="$(MSBuildThisFileDirectory)ImCurveEdit.cpp">
      <Filter>ImGuizmo</Filter>
    </ClCompile>
    <ClCompile Include="$(MSBuildThisFileDirectory)ImGradient.cpp">
      <Filter>ImGuizmo</Filter>
    </ClCompile>
    <ClCompile Include="$(MSBuildThisFileDirectory)ImGuizmo.cpp">
      <Filter>ImGuizmo</Filter>
    </ClCompile>
    <ClCompile Include="$(MSBuildThisFileDirectory)ImSequencer.cpp">
      <Filter>ImGuizmo</Filter>
    </ClCompile>
    <ClCompile Include="$(MSBuildThisFileDirectory)GraphEditor.cpp">
      <Filter>ImGuizmo</Filter>
    </ClCompile>
    <ClCompile Include="$(MSBuildThisFileDirectory)GuiComponent.cpp">
      <Filter>GUI\Component</Filter>
    </ClCompile>
    <ClCompile Include="$(MSBuildThisFileDirectory)GuiEditor.cpp">
      <Filter>GUI\Editor</Filter>
    </ClCompile>
    <ClCompile Include="$(MSBuildThisFileDirectory)GuiEditorApplication.cpp">
      <Filter>Application</Filter>
    </ClCompile>
    <ClCompile Include="$(MSBuildThisFileDirectory)GuiEditorWindow.cpp">
      <Filter>GUI\EditorWindow</Filter>
    </ClCompile>
    <ClCompile Include="$(MSBuildThisFileDirectory)GuiEntity.cpp">
      <Filter>GUI\Entity</Filter>
    </ClCompile>
    <ClCompile Include="$(MSBuildThisFileDirectory)GuiGUILayout.cpp">
      <Filter>GUI\GUILayout</Filter>
    </ClCompile>
    <ClCompile Include="$(MSBuildThisFileDirectory)GuiTransform.cpp">
      <Filter>GUI\Component\Transform</Filter>
    </ClCompile>
    <ClCompile Include="$(MSBuildThisFileDirectory)GuiInspectorWindow.cpp">
      <Filter>GUI\View</Filter>
    </ClCompile>
    <ClCompile Include="$(MSBuildThisFileDirectory)GuiImguiEditor.cpp">
      <Filter>GUI\EditorWindow\ImGuiEditor</Filter>
    </ClCompile>
  </ItemGroup>
</Project>